Microsoft Visual Studio Solution File, Format Version 12.00
# Visual Studio 15
Project("{2150E333-8FDC-42A3-9474-1A3956D46DE8}") = "CMakePredefinedTargets", "CMakePredefinedTargets", "{F7F95E88-45A0-35DD-A720-0302A372DF52}"
EndProject
Project("{2150E333-8FDC-42A3-9474-1A3956D46DE8}") = "Project", "Project", "{7554BBE9-93F3-3CF2-9B52-688E76C8C2BD}"
EndProject
Project("{8BC9CEB8-8B4A-11D0-8D11-00A0C91BC942}") = "GameLauncher", "GameLauncher.vcxproj", "{37ACD300-9F7A-34A2-84B6-9F7CDAECC8AC}"
	ProjectSection(ProjectDependencies) = postProject
		{B073B431-8D70-35A6-A333-D109C28A798B} = {B073B431-8D70-35A6-A333-D109C28A798B}
	EndProjectSection
EndProject
Project("{8BC9CEB8-8B4A-11D0-8D11-00A0C91BC942}") = "ALL_BUILD", "ALL_BUILD.vcxproj", "{2DF1730F-CBE5-3F8D-A837-CE258AAA7DE3}"
	ProjectSection(ProjectDependencies) = postProject
		{CAA72D09-6604-3AF7-AC2B-47FB9859CAE1} = {CAA72D09-6604-3AF7-AC2B-47FB9859CAE1}
		{755B1FDD-0D26-37B3-AD61-0A73E9DE6FDD} = {755B1FDD-0D26-37B3-AD61-0A73E9DE6FDD}
		{37ACD300-9F7A-34A2-84B6-9F7CDAECC8AC} = {37ACD300-9F7A-34A2-84B6-9F7CDAECC8AC}
		{4023921A-738A-31DB-9F05-E454D42A6719} = {4023921A-738A-31DB-9F05-E454D42A6719}
		{B073B431-8D70-35A6-A333-D109C28A798B} = {B073B431-8D70-35A6-A333-D109C28A798B}
	EndProjectSection
EndProject
Project("{8BC9CEB8-8B4A-11D0-8D11-00A0C91BC942}") = "Editor", "Editor.vcxproj", "{CAA72D09-6604-3AF7-AC2B-47FB9859CAE1}"
	ProjectSection(ProjectDependencies) = postProject
		{B073B431-8D70-35A6-A333-D109C28A798B} = {B073B431-8D70-35A6-A333-D109C28A798B}
	EndProjectSection
EndProject
Project("{8BC9CEB8-8B4A-11D0-8D11-00A0C91BC942}") = "Game", "Game.vcxproj", "{755B1FDD-0D26-37B3-AD61-0A73E9DE6FDD}"
	ProjectSection(ProjectDependencies) = postProject
		{B073B431-8D70-35A6-A333-D109C28A798B} = {B073B431-8D70-35A6-A333-D109C28A798B}
	EndProjectSection
EndProject
Project("{8BC9CEB8-8B4A-11D0-8D11-00A0C91BC942}") = "GameServer", "GameServer.vcxproj", "{4023921A-738A-31DB-9F05-E454D42A6719}"
	ProjectSection(ProjectDependencies) = postProject
		{B073B431-8D70-35A6-A333-D109C28A798B} = {B073B431-8D70-35A6-A333-D109C28A798B}
	EndProjectSection
EndProject
Project("{8BC9CEB8-8B4A-11D0-8D11-00A0C91BC942}") = "INSTALL", "INSTALL.vcxproj", "{0071ECF5-FE40-399B-9E88-6917FFD450EC}"
	ProjectSection(ProjectDependencies) = postProject
		{2DF1730F-CBE5-3F8D-A837-CE258AAA7DE3} = {2DF1730F-CBE5-3F8D-A837-CE258AAA7DE3}
		{B073B431-8D70-35A6-A333-D109C28A798B} = {B073B431-8D70-35A6-A333-D109C28A798B}
	EndProjectSection
EndProject
Project("{8BC9CEB8-8B4A-11D0-8D11-00A0C91BC942}") = "ZERO_CHECK", "ZERO_CHECK.vcxproj", "{B073B431-8D70-35A6-A333-D109C28A798B}"
	ProjectSection(ProjectDependencies) = postProject
	EndProjectSection
EndProject
Global
	GlobalSection(SolutionConfigurationPlatforms) = preSolution
		Debug|x64 = Debug|x64
		Profile|x64 = Profile|x64
		Release|x64 = Release|x64
	EndGlobalSection
	GlobalSection(ProjectConfigurationPlatforms) = postSolution
		{37ACD300-9F7A-34A2-84B6-9F7CDAECC8AC}.Debug|x64.ActiveCfg = Debug|x64
		{37ACD300-9F7A-34A2-84B6-9F7CDAECC8AC}.Debug|x64.Build.0 = Debug|x64
		{37ACD300-9F7A-34A2-84B6-9F7CDAECC8AC}.Profile|x64.ActiveCfg = Profile|x64
		{37ACD300-9F7A-34A2-84B6-9F7CDAECC8AC}.Profile|x64.Build.0 = Profile|x64
		{37ACD300-9F7A-34A2-84B6-9F7CDAECC8AC}.Release|x64.ActiveCfg = Release|x64
		{37ACD300-9F7A-34A2-84B6-9F7CDAECC8AC}.Release|x64.Build.0 = Release|x64
		{2DF1730F-CBE5-3F8D-A837-CE258AAA7DE3}.Debug|x64.ActiveCfg = Debug|x64
		{2DF1730F-CBE5-3F8D-A837-CE258AAA7DE3}.Debug|x64.Build.0 = Debug|x64
		{2DF1730F-CBE5-3F8D-A837-CE258AAA7DE3}.Profile|x64.ActiveCfg = Profile|x64
		{2DF1730F-CBE5-3F8D-A837-CE258AAA7DE3}.Profile|x64.Build.0 = Profile|x64
		{2DF1730F-CBE5-3F8D-A837-CE258AAA7DE3}.Release|x64.ActiveCfg = Release|x64
		{2DF1730F-CBE5-3F8D-A837-CE258AAA7DE3}.Release|x64.Build.0 = Release|x64
		{CAA72D09-6604-3AF7-AC2B-47FB9859CAE1}.Debug|x64.ActiveCfg = Debug|x64
		{CAA72D09-6604-3AF7-AC2B-47FB9859CAE1}.Debug|x64.Build.0 = Debug|x64
		{CAA72D09-6604-3AF7-AC2B-47FB9859CAE1}.Profile|x64.ActiveCfg = Profile|x64
		{CAA72D09-6604-3AF7-AC2B-47FB9859CAE1}.Profile|x64.Build.0 = Profile|x64
		{CAA72D09-6604-3AF7-AC2B-47FB9859CAE1}.Release|x64.ActiveCfg = Release|x64
		{CAA72D09-6604-3AF7-AC2B-47FB9859CAE1}.Release|x64.Build.0 = Release|x64
		{755B1FDD-0D26-37B3-AD61-0A73E9DE6FDD}.Debug|x64.ActiveCfg = Debug|x64
		{755B1FDD-0D26-37B3-AD61-0A73E9DE6FDD}.Debug|x64.Build.0 = Debug|x64
		{755B1FDD-0D26-37B3-AD61-0A73E9DE6FDD}.Profile|x64.ActiveCfg = Profile|x64
		{755B1FDD-0D26-37B3-AD61-0A73E9DE6FDD}.Profile|x64.Build.0 = Profile|x64
		{755B1FDD-0D26-37B3-AD61-0A73E9DE6FDD}.Release|x64.ActiveCfg = Release|x64
		{755B1FDD-0D26-37B3-AD61-0A73E9DE6FDD}.Release|x64.Build.0 = Release|x64
		{4023921A-738A-31DB-9F05-E454D42A6719}.Debug|x64.ActiveCfg = Debug|x64
		{4023921A-738A-31DB-9F05-E454D42A6719}.Debug|x64.Build.0 = Debug|x64
		{4023921A-738A-31DB-9F05-E454D42A6719}.Profile|x64.ActiveCfg = Profile|x64
		{4023921A-738A-31DB-9F05-E454D42A6719}.Profile|x64.Build.0 = Profile|x64
		{4023921A-738A-31DB-9F05-E454D42A6719}.Release|x64.ActiveCfg = Release|x64
		{4023921A-738A-31DB-9F05-E454D42A6719}.Release|x64.Build.0 = Release|x64
		{0071ECF5-FE40-399B-9E88-6917FFD450EC}.Debug|x64.ActiveCfg = Debug|x64
		{0071ECF5-FE40-399B-9E88-6917FFD450EC}.Profile|x64.ActiveCfg = Profile|x64
		{0071ECF5-FE40-399B-9E88-6917FFD450EC}.Release|x64.ActiveCfg = Release|x64
		{B073B431-8D70-35A6-A333-D109C28A798B}.Debug|x64.ActiveCfg = Debug|x64
		{B073B431-8D70-35A6-A333-D109C28A798B}.Debug|x64.Build.0 = Debug|x64
		{B073B431-8D70-35A6-A333-D109C28A798B}.Profile|x64.ActiveCfg = Profile|x64
		{B073B431-8D70-35A6-A333-D109C28A798B}.Profile|x64.Build.0 = Profile|x64
		{B073B431-8D70-35A6-A333-D109C28A798B}.Release|x64.ActiveCfg = Release|x64
		{B073B431-8D70-35A6-A333-D109C28A798B}.Release|x64.Build.0 = Release|x64
	EndGlobalSection
	GlobalSection(NestedProjects) = preSolution
		{2DF1730F-CBE5-3F8D-A837-CE258AAA7DE3} = {F7F95E88-45A0-35DD-A720-0302A372DF52}
		{0071ECF5-FE40-399B-9E88-6917FFD450EC} = {F7F95E88-45A0-35DD-A720-0302A372DF52}
		{B073B431-8D70-35A6-A333-D109C28A798B} = {F7F95E88-45A0-35DD-A720-0302A372DF52}
		{755B1FDD-0D26-37B3-AD61-0A73E9DE6FDD} = {7554BBE9-93F3-3CF2-9B52-688E76C8C2BD}
	EndGlobalSection
	GlobalSection(ExtensibilityGlobals) = postSolution
		SolutionGuid = {2EE8F9D6-994C-3D15-AB78-31A3245F8FCB}
	EndGlobalSection
	GlobalSection(ExtensibilityAddIns) = postSolution
	EndGlobalSection
EndGlobal
