Microsoft Visual Studio Solution File, Format Version 12.00
# Visual Studio 15
Project("{2150E333-8FDC-42A3-9474-1A3956D46DE8}") = "CMakePredefinedTargets", "CMakePredefinedTargets", "{69FE9BFA-3875-3D9E-96F1-5316889DA013}"
EndProject
Project("{2150E333-8FDC-42A3-9474-1A3956D46DE8}") = "Project", "Project", "{FB049C2A-C8AC-32B1-9F8F-CEE60D30DA43}"
EndProject
Project("{8BC9CEB8-8B4A-11D0-8D11-00A0C91BC942}") = "GameLauncher", "GameLauncher.vcxproj", "{04E06833-E018-36CC-B8F4-7B2F19D89393}"
	ProjectSection(ProjectDependencies) = postProject
		{293D20FF-A8C9-360B-A60D-411969E5427C} = {293D20FF-A8C9-360B-A60D-411969E5427C}
	EndProjectSection
EndProject
Project("{8BC9CEB8-8B4A-11D0-8D11-00A0C91BC942}") = "ALL_BUILD", "ALL_BUILD.vcxproj", "{EB2B139B-6771-3BA8-9960-7B04CCDACA3D}"
	ProjectSection(ProjectDependencies) = postProject
		{B7886D45-8F31-3EBB-B93F-AAB07415BF2E} = {B7886D45-8F31-3EBB-B93F-AAB07415BF2E}
		{6F12E1E1-3DA2-36DD-9D88-0D3A346A594C} = {6F12E1E1-3DA2-36DD-9D88-0D3A346A594C}
		{04E06833-E018-36CC-B8F4-7B2F19D89393} = {04E06833-E018-36CC-B8F4-7B2F19D89393}
		{42597017-57F5-301B-AA4E-F23895E4438F} = {42597017-57F5-301B-AA4E-F23895E4438F}
		{293D20FF-A8C9-360B-A60D-411969E5427C} = {293D20FF-A8C9-360B-A60D-411969E5427C}
	EndProjectSection
EndProject
Project("{8BC9CEB8-8B4A-11D0-8D11-00A0C91BC942}") = "Editor", "Editor.vcxproj", "{B7886D45-8F31-3EBB-B93F-AAB07415BF2E}"
	ProjectSection(ProjectDependencies) = postProject
		{293D20FF-A8C9-360B-A60D-411969E5427C} = {293D20FF-A8C9-360B-A60D-411969E5427C}
	EndProjectSection
EndProject
Project("{8BC9CEB8-8B4A-11D0-8D11-00A0C91BC942}") = "Game", "Game.vcxproj", "{6F12E1E1-3DA2-36DD-9D88-0D3A346A594C}"
	ProjectSection(ProjectDependencies) = postProject
		{293D20FF-A8C9-360B-A60D-411969E5427C} = {293D20FF-A8C9-360B-A60D-411969E5427C}
	EndProjectSection
EndProject
Project("{8BC9CEB8-8B4A-11D0-8D11-00A0C91BC942}") = "GameServer", "GameServer.vcxproj", "{42597017-57F5-301B-AA4E-F23895E4438F}"
	ProjectSection(ProjectDependencies) = postProject
		{293D20FF-A8C9-360B-A60D-411969E5427C} = {293D20FF-A8C9-360B-A60D-411969E5427C}
	EndProjectSection
EndProject
Project("{8BC9CEB8-8B4A-11D0-8D11-00A0C91BC942}") = "INSTALL", "INSTALL.vcxproj", "{57E5434E-F00B-3BBB-A1AB-046ADE906E6B}"
	ProjectSection(ProjectDependencies) = postProject
		{EB2B139B-6771-3BA8-9960-7B04CCDACA3D} = {EB2B139B-6771-3BA8-9960-7B04CCDACA3D}
		{293D20FF-A8C9-360B-A60D-411969E5427C} = {293D20FF-A8C9-360B-A60D-411969E5427C}
	EndProjectSection
EndProject
Project("{8BC9CEB8-8B4A-11D0-8D11-00A0C91BC942}") = "ZERO_CHECK", "ZERO_CHECK.vcxproj", "{293D20FF-A8C9-360B-A60D-411969E5427C}"
	ProjectSection(ProjectDependencies) = postProject
	EndProjectSection
EndProject
Global
	GlobalSection(SolutionConfigurationPlatforms) = preSolution
		Debug|x64 = Debug|x64
		Profile|x64 = Profile|x64
		Release|x64 = Release|x64
	EndGlobalSection
	GlobalSection(ProjectConfigurationPlatforms) = postSolution
		{04E06833-E018-36CC-B8F4-7B2F19D89393}.Debug|x64.ActiveCfg = Debug|x64
		{04E06833-E018-36CC-B8F4-7B2F19D89393}.Debug|x64.Build.0 = Debug|x64
		{04E06833-E018-36CC-B8F4-7B2F19D89393}.Profile|x64.ActiveCfg = Profile|x64
		{04E06833-E018-36CC-B8F4-7B2F19D89393}.Profile|x64.Build.0 = Profile|x64
		{04E06833-E018-36CC-B8F4-7B2F19D89393}.Release|x64.ActiveCfg = Release|x64
		{04E06833-E018-36CC-B8F4-7B2F19D89393}.Release|x64.Build.0 = Release|x64
		{EB2B139B-6771-3BA8-9960-7B04CCDACA3D}.Debug|x64.ActiveCfg = Debug|x64
		{EB2B139B-6771-3BA8-9960-7B04CCDACA3D}.Debug|x64.Build.0 = Debug|x64
		{EB2B139B-6771-3BA8-9960-7B04CCDACA3D}.Profile|x64.ActiveCfg = Profile|x64
		{EB2B139B-6771-3BA8-9960-7B04CCDACA3D}.Profile|x64.Build.0 = Profile|x64
		{EB2B139B-6771-3BA8-9960-7B04CCDACA3D}.Release|x64.ActiveCfg = Release|x64
		{EB2B139B-6771-3BA8-9960-7B04CCDACA3D}.Release|x64.Build.0 = Release|x64
		{B7886D45-8F31-3EBB-B93F-AAB07415BF2E}.Debug|x64.ActiveCfg = Debug|x64
		{B7886D45-8F31-3EBB-B93F-AAB07415BF2E}.Debug|x64.Build.0 = Debug|x64
		{B7886D45-8F31-3EBB-B93F-AAB07415BF2E}.Profile|x64.ActiveCfg = Profile|x64
		{B7886D45-8F31-3EBB-B93F-AAB07415BF2E}.Profile|x64.Build.0 = Profile|x64
		{B7886D45-8F31-3EBB-B93F-AAB07415BF2E}.Release|x64.ActiveCfg = Release|x64
		{B7886D45-8F31-3EBB-B93F-AAB07415BF2E}.Release|x64.Build.0 = Release|x64
		{6F12E1E1-3DA2-36DD-9D88-0D3A346A594C}.Debug|x64.ActiveCfg = Debug|x64
		{6F12E1E1-3DA2-36DD-9D88-0D3A346A594C}.Debug|x64.Build.0 = Debug|x64
		{6F12E1E1-3DA2-36DD-9D88-0D3A346A594C}.Profile|x64.ActiveCfg = Profile|x64
		{6F12E1E1-3DA2-36DD-9D88-0D3A346A594C}.Profile|x64.Build.0 = Profile|x64
		{6F12E1E1-3DA2-36DD-9D88-0D3A346A594C}.Release|x64.ActiveCfg = Release|x64
		{6F12E1E1-3DA2-36DD-9D88-0D3A346A594C}.Release|x64.Build.0 = Release|x64
		{42597017-57F5-301B-AA4E-F23895E4438F}.Debug|x64.ActiveCfg = Debug|x64
		{42597017-57F5-301B-AA4E-F23895E4438F}.Debug|x64.Build.0 = Debug|x64
		{42597017-57F5-301B-AA4E-F23895E4438F}.Profile|x64.ActiveCfg = Profile|x64
		{42597017-57F5-301B-AA4E-F23895E4438F}.Profile|x64.Build.0 = Profile|x64
		{42597017-57F5-301B-AA4E-F23895E4438F}.Release|x64.ActiveCfg = Release|x64
		{42597017-57F5-301B-AA4E-F23895E4438F}.Release|x64.Build.0 = Release|x64
		{57E5434E-F00B-3BBB-A1AB-046ADE906E6B}.Debug|x64.ActiveCfg = Debug|x64
		{57E5434E-F00B-3BBB-A1AB-046ADE906E6B}.Profile|x64.ActiveCfg = Profile|x64
		{57E5434E-F00B-3BBB-A1AB-046ADE906E6B}.Release|x64.ActiveCfg = Release|x64
		{293D20FF-A8C9-360B-A60D-411969E5427C}.Debug|x64.ActiveCfg = Debug|x64
		{293D20FF-A8C9-360B-A60D-411969E5427C}.Debug|x64.Build.0 = Debug|x64
		{293D20FF-A8C9-360B-A60D-411969E5427C}.Profile|x64.ActiveCfg = Profile|x64
		{293D20FF-A8C9-360B-A60D-411969E5427C}.Profile|x64.Build.0 = Profile|x64
		{293D20FF-A8C9-360B-A60D-411969E5427C}.Release|x64.ActiveCfg = Release|x64
		{293D20FF-A8C9-360B-A60D-411969E5427C}.Release|x64.Build.0 = Release|x64
	EndGlobalSection
	GlobalSection(NestedProjects) = preSolution
		{EB2B139B-6771-3BA8-9960-7B04CCDACA3D} = {69FE9BFA-3875-3D9E-96F1-5316889DA013}
		{57E5434E-F00B-3BBB-A1AB-046ADE906E6B} = {69FE9BFA-3875-3D9E-96F1-5316889DA013}
		{293D20FF-A8C9-360B-A60D-411969E5427C} = {69FE9BFA-3875-3D9E-96F1-5316889DA013}
		{6F12E1E1-3DA2-36DD-9D88-0D3A346A594C} = {FB049C2A-C8AC-32B1-9F8F-CEE60D30DA43}
	EndGlobalSection
	GlobalSection(ExtensibilityGlobals) = postSolution
		SolutionGuid = {44ADDF8F-57C4-39F2-8628-F5858E7E88D4}
	EndGlobalSection
	GlobalSection(ExtensibilityAddIns) = postSolution
	EndGlobalSection
EndGlobal
