<?xml version="1.0" encoding="UTF-8"?>
<Project ToolsVersion="15.0" xmlns="http://schemas.microsoft.com/developer/msbuild/2003">
  <ItemGroup>
    <ClCompile Include="C:\Programing\Test (1)\Code\StdAfx.cpp" />
    <ClCompile Include="C:\Programing\Test (1)\solutions\win64\Code_uber.cpp">
      <Filter>UBER FILES</Filter>
    </ClCompile>
    <ClCompile Include="C:\Programing\Test (1)\solutions\win64\Components_uber.cpp">
      <Filter>UBER FILES</Filter>
    </ClCompile>
  </ItemGroup>
  <ItemGroup>
    <ClInclude Include="C:\Programing\Test (1)\Code\GamePlugin.cpp" />
    <ClInclude Include="C:\Programing\Test (1)\Code\GamePlugin.h" />
    <ClInclude Include="C:\Programing\Test (1)\Code\StdAfx.h" />
    <ClInclude Include="C:\Programing\Test (1)\Code\Components\Player.cpp">
      <Filter>Components</Filter>
    </ClInclude>
    <ClInclude Include="C:\Programing\Test (1)\Code\Components\SpawnPoint.cpp">
      <Filter>Components</Filter>
    </ClInclude>
    <ClInclude Include="C:\Programing\Test (1)\Code\Components\Bullet.h">
      <Filter>Components</Filter>
    </ClInclude>
    <ClInclude Include="C:\Programing\Test (1)\Code\Components\Player.h">
      <Filter>Components</Filter>
    </ClInclude>
    <ClInclude Include="C:\Programing\Test (1)\Code\Components\SpawnPoint.h">
      <Filter>Components</Filter>
    </ClInclude>
  </ItemGroup>
  <ItemGroup>
    <CustomBuild Include="C:\Programing\Test (1)\Code\CMakeLists.txt" />
  </ItemGroup>
  <ItemGroup>
    <ResourceCompile Include="C:\Programing\Test (1)\solutions\win64\Game.autogen.rc">
      <Filter>Resource Files</Filter>
    </ResourceCompile>
  </ItemGroup>
  <ItemGroup>
    <Filter Include="Components">
      <UniqueIdentifier>{8261EA49-22A7-3E76-B450-B7F772C588D1}</UniqueIdentifier>
    </Filter>
    <Filter Include="UBER FILES">
      <UniqueIdentifier>{6889F31F-0742-3B79-94D0-C7B3850B62EB}</UniqueIdentifier>
    </Filter>
    <Filter Include="Resource Files">
      <UniqueIdentifier>{5361DAF0-5D23-328F-B066-F267E4F678BA}</UniqueIdentifier>
    </Filter>
  </ItemGroup>
</Project>
