Microsoft Visual Studio Solution File, Format Version 12.00
# Visual Studio 15
Project("{2150E333-8FDC-42A3-9474-1A3956D46DE8}") = "CMakePredefinedTargets", "CMakePredefinedTargets", "{F7F95E88-45A0-35DD-A720-0302A372DF52}"
EndProject
Project("{8BC9CEB8-8B4A-11D0-8D11-00A0C91BC942}") = "ALL_BUILD", "ALL_BUILD.vcxproj", "{2DF1730F-CBE5-3F8D-A837-CE258AAA7DE3}"
	ProjectSection(ProjectDependencies) = postProject
		{B073B431-8D70-35A6-A333-D109C28A798B} = {B073B431-8D70-35A6-A333-D109C28A798B}
	EndProjectSection
EndProject
Project("{8BC9CEB8-8B4A-11D0-8D11-00A0C91BC942}") = "INSTALL", "INSTALL.vcxproj", "{0071ECF5-FE40-399B-9E88-6917FFD450EC}"
	ProjectSection(ProjectDependencies) = postProject
		{2DF1730F-CBE5-3F8D-A837-CE258AAA7DE3} = {2DF1730F-CBE5-3F8D-A837-CE258AAA7DE3}
		{B073B431-8D70-35A6-A333-D109C28A798B} = {B073B431-8D70-35A6-A333-D109C28A798B}
	EndProjectSection
EndProject
Project("{8BC9CEB8-8B4A-11D0-8D11-00A0C91BC942}") = "ZERO_CHECK", "..\\ZERO_CHECK.vcxproj", "{B073B431-8D70-35A6-A333-D109C28A798B}"
	ProjectSection(ProjectDependencies) = postProject
	EndProjectSection
EndProject
Global
	GlobalSection(SolutionConfigurationPlatforms) = preSolution
		Debug|x64 = Debug|x64
		Profile|x64 = Profile|x64
		Release|x64 = Release|x64
	EndGlobalSection
	GlobalSection(ProjectConfigurationPlatforms) = postSolution
		{2DF1730F-CBE5-3F8D-A837-CE258AAA7DE3}.Debug|x64.ActiveCfg = Debug|x64
		{2DF1730F-CBE5-3F8D-A837-CE258AAA7DE3}.Debug|x64.Build.0 = Debug|x64
		{2DF1730F-CBE5-3F8D-A837-CE258AAA7DE3}.Profile|x64.ActiveCfg = Profile|x64
		{2DF1730F-CBE5-3F8D-A837-CE258AAA7DE3}.Profile|x64.Build.0 = Profile|x64
		{2DF1730F-CBE5-3F8D-A837-CE258AAA7DE3}.Release|x64.ActiveCfg = Release|x64
		{2DF1730F-CBE5-3F8D-A837-CE258AAA7DE3}.Release|x64.Build.0 = Release|x64
		{0071ECF5-FE40-399B-9E88-6917FFD450EC}.Debug|x64.ActiveCfg = Debug|x64
		{0071ECF5-FE40-399B-9E88-6917FFD450EC}.Profile|x64.ActiveCfg = Profile|x64
		{0071ECF5-FE40-399B-9E88-6917FFD450EC}.Release|x64.ActiveCfg = Release|x64
		{B073B431-8D70-35A6-A333-D109C28A798B}.Debug|x64.ActiveCfg = Debug|x64
		{B073B431-8D70-35A6-A333-D109C28A798B}.Debug|x64.Build.0 = Debug|x64
		{B073B431-8D70-35A6-A333-D109C28A798B}.Profile|x64.ActiveCfg = Profile|x64
		{B073B431-8D70-35A6-A333-D109C28A798B}.Profile|x64.Build.0 = Profile|x64
		{B073B431-8D70-35A6-A333-D109C28A798B}.Release|x64.ActiveCfg = Release|x64
		{B073B431-8D70-35A6-A333-D109C28A798B}.Release|x64.Build.0 = Release|x64
	EndGlobalSection
	GlobalSection(NestedProjects) = preSolution
		{2DF1730F-CBE5-3F8D-A837-CE258AAA7DE3} = {F7F95E88-45A0-35DD-A720-0302A372DF52}
		{0071ECF5-FE40-399B-9E88-6917FFD450EC} = {F7F95E88-45A0-35DD-A720-0302A372DF52}
		{B073B431-8D70-35A6-A333-D109C28A798B} = {F7F95E88-45A0-35DD-A720-0302A372DF52}
	EndGlobalSection
	GlobalSection(ExtensibilityGlobals) = postSolution
		SolutionGuid = {5C7D4ED6-9C13-32D1-B9B5-FC1E8A79E05F}
	EndGlobalSection
	GlobalSection(ExtensibilityAddIns) = postSolution
	EndGlobalSection
EndGlobal
